
Microsoft Visual Studio Solution File, Format Version 12.00
# Visual Studio Version 17
VisualStudioVersion = 17.6.33801.468
MinimumVisualStudioVersion = 10.0.40219.1
Project("{FAE04EC0-301F-11D3-BF4B-00C04F79EFBC}") = "MyTracker", "MyTracker\MyTracker.csproj", "{5D6A1432-FE4F-4BDD-A69B-E87084566958}"
EndProject
Project("{FAE04EC0-301F-11D3-BF4B-00C04F79EFBC}") = "MyTracker.Tests", "MyTracker.Tests\MyTracker.Tests.csproj", "{33688CE6-D65A-40AE-9B09-D4ED3E1D5DCB}"
EndProject
Global
	GlobalSection(SolutionConfigurationPlatforms) = preSolution
		Debug|Any CPU = Debug|Any CPU
		Release|Any CPU = Release|Any CPU
	EndGlobalSection
	GlobalSection(ProjectConfigurationPlatforms) = postSolution
		{5D6A1432-FE4F-4BDD-A69B-E87084566958}.Debug|Any CPU.ActiveCfg = Debug|Any CPU
		{5D6A1432-FE4F-4BDD-A69B-E87084566958}.Debug|Any CPU.Build.0 = Debug|Any CPU
		{5D6A1432-FE4F-4BDD-A69B-E87084566958}.Release|Any CPU.ActiveCfg = Release|Any CPU
		{5D6A1432-FE4F-4BDD-A69B-E87084566958}.Release|Any CPU.Build.0 = Release|Any CPU
		{33688CE6-D65A-40AE-9B09-D4ED3E1D5DCB}.Debug|Any CPU.ActiveCfg = Debug|Any CPU
		{33688CE6-D65A-40AE-9B09-D4ED3E1D5DCB}.Debug|Any CPU.Build.0 = Debug|Any CPU
		{33688CE6-D65A-40AE-9B09-D4ED3E1D5DCB}.Release|Any CPU.ActiveCfg = Release|Any CPU
		{33688CE6-D65A-40AE-9B09-D4ED3E1D5DCB}.Release|Any CPU.Build.0 = Release|Any CPU
	EndGlobalSection
	GlobalSection(SolutionProperties) = preSolution
		HideSolutionNode = FALSE
	EndGlobalSection
	GlobalSection(ExtensibilityGlobals) = postSolution
		SolutionGuid = {CB0AAD1B-78ED-4DF2-8F4E-9213CDDEC471}
	EndGlobalSection
EndGlobal
